
Microsoft Visual Studio Solution File, Format Version 12.00
# Visual Studio Version 17
VisualStudioVersion = 17.0.31919.166
MinimumVisualStudioVersion = 10.0.40219.1
Project("{8BC9CEB8-8B4A-11D0-8D11-00A0C91BC942}") = "lab 5", "lab 5\lab 5.vcxproj", "{67832971-06C4-4048-9FAA-1ACA2647D747}"
EndProject
Global
	GlobalSection(SolutionConfigurationPlatforms) = preSolution
		Debug|x64 = Debug|x64
		Debug|x86 = Debug|x86
		Release|x64 = Release|x64
		Release|x86 = Release|x86
	EndGlobalSection
	GlobalSection(ProjectConfigurationPlatforms) = postSolution
		{67832971-06C4-4048-9FAA-1ACA2647D747}.Debug|x64.ActiveCfg = Debug|x64
		{67832971-06C4-4048-9FAA-1ACA2647D747}.Debug|x64.Build.0 = Debug|x64
		{67832971-06C4-4048-9FAA-1ACA2647D747}.Debug|x86.ActiveCfg = Debug|Win32
		{67832971-06C4-4048-9FAA-1ACA2647D747}.Debug|x86.Build.0 = Debug|Win32
		{67832971-06C4-4048-9FAA-1ACA2647D747}.Release|x64.ActiveCfg = Release|x64
		{67832971-06C4-4048-9FAA-1ACA2647D747}.Release|x64.Build.0 = Release|x64
		{67832971-06C4-4048-9FAA-1ACA2647D747}.Release|x86.ActiveCfg = Release|Win32
		{67832971-06C4-4048-9FAA-1ACA2647D747}.Release|x86.Build.0 = Release|Win32
	EndGlobalSection
	GlobalSection(SolutionProperties) = preSolution
		HideSolutionNode = FALSE
	EndGlobalSection
	GlobalSection(ExtensibilityGlobals) = postSolution
		SolutionGuid = {CF637FC3-AAA6-49F9-990F-82887764A8DC}
	EndGlobalSection
EndGlobal
