
Microsoft Visual Studio Solution File, Format Version 12.00
# Visual Studio Version 17
VisualStudioVersion = 17.0.31919.166
MinimumVisualStudioVersion = 10.0.40219.1
Project("{8BC9CEB8-8B4A-11D0-8D11-00A0C91BC942}") = "Project", "Project\Project.vcxproj", "{BCE71AAF-35FF-4902-8344-39A4243CFEED}"
EndProject
Global
	GlobalSection(SolutionConfigurationPlatforms) = preSolution
		Debug|x64 = Debug|x64
		Debug|x86 = Debug|x86
		Release|x64 = Release|x64
		Release|x86 = Release|x86
	EndGlobalSection
	GlobalSection(ProjectConfigurationPlatforms) = postSolution
		{BCE71AAF-35FF-4902-8344-39A4243CFEED}.Debug|x64.ActiveCfg = Debug|x64
		{BCE71AAF-35FF-4902-8344-39A4243CFEED}.Debug|x64.Build.0 = Debug|x64
		{BCE71AAF-35FF-4902-8344-39A4243CFEED}.Debug|x86.ActiveCfg = Debug|Win32
		{BCE71AAF-35FF-4902-8344-39A4243CFEED}.Debug|x86.Build.0 = Debug|Win32
		{BCE71AAF-35FF-4902-8344-39A4243CFEED}.Release|x64.ActiveCfg = Release|x64
		{BCE71AAF-35FF-4902-8344-39A4243CFEED}.Release|x64.Build.0 = Release|x64
		{BCE71AAF-35FF-4902-8344-39A4243CFEED}.Release|x86.ActiveCfg = Release|Win32
		{BCE71AAF-35FF-4902-8344-39A4243CFEED}.Release|x86.Build.0 = Release|Win32
	EndGlobalSection
	GlobalSection(SolutionProperties) = preSolution
		HideSolutionNode = FALSE
	EndGlobalSection
	GlobalSection(ExtensibilityGlobals) = postSolution
		SolutionGuid = {72F401D5-0C60-4AD2-A9FE-92503E1D96E5}
	EndGlobalSection
EndGlobal
