
Microsoft Visual Studio Solution File, Format Version 12.00
# Visual Studio Version 17
VisualStudioVersion = 17.0.31919.166
MinimumVisualStudioVersion = 10.0.40219.1
Project("{8BC9CEB8-8B4A-11D0-8D11-00A0C91BC942}") = "Project2", "Project2\Project2.vcxproj", "{34E03FE5-689C-4F67-B3D7-76C0CBA3137D}"
EndProject
Global
	GlobalSection(SolutionConfigurationPlatforms) = preSolution
		Debug|x64 = Debug|x64
		Debug|x86 = Debug|x86
		Release|x64 = Release|x64
		Release|x86 = Release|x86
	EndGlobalSection
	GlobalSection(ProjectConfigurationPlatforms) = postSolution
		{34E03FE5-689C-4F67-B3D7-76C0CBA3137D}.Debug|x64.ActiveCfg = Debug|x64
		{34E03FE5-689C-4F67-B3D7-76C0CBA3137D}.Debug|x64.Build.0 = Debug|x64
		{34E03FE5-689C-4F67-B3D7-76C0CBA3137D}.Debug|x86.ActiveCfg = Debug|Win32
		{34E03FE5-689C-4F67-B3D7-76C0CBA3137D}.Debug|x86.Build.0 = Debug|Win32
		{34E03FE5-689C-4F67-B3D7-76C0CBA3137D}.Release|x64.ActiveCfg = Release|x64
		{34E03FE5-689C-4F67-B3D7-76C0CBA3137D}.Release|x64.Build.0 = Release|x64
		{34E03FE5-689C-4F67-B3D7-76C0CBA3137D}.Release|x86.ActiveCfg = Release|Win32
		{34E03FE5-689C-4F67-B3D7-76C0CBA3137D}.Release|x86.Build.0 = Release|Win32
	EndGlobalSection
	GlobalSection(SolutionProperties) = preSolution
		HideSolutionNode = FALSE
	EndGlobalSection
	GlobalSection(ExtensibilityGlobals) = postSolution
		SolutionGuid = {584A3636-0399-4449-BFBC-5B1BABAEBB3F}
	EndGlobalSection
EndGlobal
