
Microsoft Visual Studio Solution File, Format Version 12.00
# Visual Studio Version 17
VisualStudioVersion = 17.0.31919.166
MinimumVisualStudioVersion = 10.0.40219.1
Project("{8BC9CEB8-8B4A-11D0-8D11-00A0C91BC942}") = "khan sb assignement3", "khan sb assignement3\khan sb assignement3.vcxproj", "{3315A878-2420-46AA-AD6A-11C32E8E92C7}"
EndProject
Global
	GlobalSection(SolutionConfigurationPlatforms) = preSolution
		Debug|x64 = Debug|x64
		Debug|x86 = Debug|x86
		Release|x64 = Release|x64
		Release|x86 = Release|x86
	EndGlobalSection
	GlobalSection(ProjectConfigurationPlatforms) = postSolution
		{3315A878-2420-46AA-AD6A-11C32E8E92C7}.Debug|x64.ActiveCfg = Debug|x64
		{3315A878-2420-46AA-AD6A-11C32E8E92C7}.Debug|x64.Build.0 = Debug|x64
		{3315A878-2420-46AA-AD6A-11C32E8E92C7}.Debug|x86.ActiveCfg = Debug|Win32
		{3315A878-2420-46AA-AD6A-11C32E8E92C7}.Debug|x86.Build.0 = Debug|Win32
		{3315A878-2420-46AA-AD6A-11C32E8E92C7}.Release|x64.ActiveCfg = Release|x64
		{3315A878-2420-46AA-AD6A-11C32E8E92C7}.Release|x64.Build.0 = Release|x64
		{3315A878-2420-46AA-AD6A-11C32E8E92C7}.Release|x86.ActiveCfg = Release|Win32
		{3315A878-2420-46AA-AD6A-11C32E8E92C7}.Release|x86.Build.0 = Release|Win32
	EndGlobalSection
	GlobalSection(SolutionProperties) = preSolution
		HideSolutionNode = FALSE
	EndGlobalSection
	GlobalSection(ExtensibilityGlobals) = postSolution
		SolutionGuid = {AE4F26F0-F174-409D-82A6-2D0657C949EC}
	EndGlobalSection
EndGlobal
